
Microsoft Visual Studio Solution File, Format Version 12.00
# Visual Studio Version 17
VisualStudioVersion = 17.5.002.0
MinimumVisualStudioVersion = 10.0.40219.1
Project("{9A19103F-16F7-4668-BE54-9A1E7A4F7556}") = "EVENTOS", "EVENTOS\EVENTOS.csproj", "{FFD13F82-F636-4E48-8351-D1E603957CC1}"
EndProject
Global
	GlobalSection(SolutionConfigurationPlatforms) = preSolution
		Debug|Any CPU = Debug|Any CPU
		Release|Any CPU = Release|Any CPU
	EndGlobalSection
	GlobalSection(ProjectConfigurationPlatforms) = postSolution
		{FFD13F82-F636-4E48-8351-D1E603957CC1}.Debug|Any CPU.ActiveCfg = Debug|Any CPU
		{FFD13F82-F636-4E48-8351-D1E603957CC1}.Debug|Any CPU.Build.0 = Debug|Any CPU
		{FFD13F82-F636-4E48-8351-D1E603957CC1}.Release|Any CPU.ActiveCfg = Release|Any CPU
		{FFD13F82-F636-4E48-8351-D1E603957CC1}.Release|Any CPU.Build.0 = Release|Any CPU
	EndGlobalSection
	GlobalSection(SolutionProperties) = preSolution
		HideSolutionNode = FALSE
	EndGlobalSection
	GlobalSection(ExtensibilityGlobals) = postSolution
		SolutionGuid = {800FD52B-787E-4F17-8190-F0136288B2D1}
	EndGlobalSection
EndGlobal
